
Microsoft Visual Studio Solution File, Format Version 12.00
# Visual Studio 15
VisualStudioVersion = 15.0.28307.645
MinimumVisualStudioVersion = 10.0.40219.1
Project("{FAE04EC0-301F-11D3-BF4B-00C04F79EFBC}") = "EmployeeReport", "EmployeeReport\EmployeeReport.csproj", "{8DBE45F4-E773-421C-BF01-6EB62B35D5C5}"
EndProject
Global
	GlobalSection(SolutionConfigurationPlatforms) = preSolution
		Debug|Any CPU = Debug|Any CPU
		Release|Any CPU = Release|Any CPU
	EndGlobalSection
	GlobalSection(ProjectConfigurationPlatforms) = postSolution
		{8DBE45F4-E773-421C-BF01-6EB62B35D5C5}.Debug|Any CPU.ActiveCfg = Debug|Any CPU
		{8DBE45F4-E773-421C-BF01-6EB62B35D5C5}.Debug|Any CPU.Build.0 = Debug|Any CPU
		{8DBE45F4-E773-421C-BF01-6EB62B35D5C5}.Release|Any CPU.ActiveCfg = Release|Any CPU
		{8DBE45F4-E773-421C-BF01-6EB62B35D5C5}.Release|Any CPU.Build.0 = Release|Any CPU
	EndGlobalSection
	GlobalSection(SolutionProperties) = preSolution
		HideSolutionNode = FALSE
	EndGlobalSection
	GlobalSection(ExtensibilityGlobals) = postSolution
		SolutionGuid = {5F2D25B2-C46C-4578-B486-025FFFDD34F3}
	EndGlobalSection
EndGlobal
